
Microsoft Visual Studio Solution File, Format Version 11.00
# Visual Web Developer Express 2010
Project("{FAE04EC0-301F-11D3-BF4B-00C04F79EFBC}") = "Spreadsheet Uploader Umbraco", "Spreadsheet Uploader\Spreadsheet Uploader Umbraco.csproj", "{95405C7D-B815-454D-AD1E-482A564D1A68}"
EndProject
Project("{FAE04EC0-301F-11D3-BF4B-00C04F79EFBC}") = "Spreadsheet Uploader", "Spreadsheet Uploader Datatype\Spreadsheet Uploader.csproj", "{31E053B9-94D9-43B6-8687-2FB8963B4A8F}"
EndProject
Project("{FAE04EC0-301F-11D3-BF4B-00C04F79EFBC}") = "SearchTable", "SearchTable\SearchTable.csproj", "{930D64CC-5E9B-4AED-9DCA-272B613E1C02}"
EndProject
Global
	GlobalSection(SolutionConfigurationPlatforms) = preSolution
		Debug|Any CPU = Debug|Any CPU
		Release|Any CPU = Release|Any CPU
	EndGlobalSection
	GlobalSection(ProjectConfigurationPlatforms) = postSolution
		{95405C7D-B815-454D-AD1E-482A564D1A68}.Debug|Any CPU.ActiveCfg = Debug|Any CPU
		{95405C7D-B815-454D-AD1E-482A564D1A68}.Debug|Any CPU.Build.0 = Debug|Any CPU
		{95405C7D-B815-454D-AD1E-482A564D1A68}.Release|Any CPU.ActiveCfg = Release|Any CPU
		{95405C7D-B815-454D-AD1E-482A564D1A68}.Release|Any CPU.Build.0 = Release|Any CPU
		{31E053B9-94D9-43B6-8687-2FB8963B4A8F}.Debug|Any CPU.ActiveCfg = Debug|Any CPU
		{31E053B9-94D9-43B6-8687-2FB8963B4A8F}.Debug|Any CPU.Build.0 = Debug|Any CPU
		{31E053B9-94D9-43B6-8687-2FB8963B4A8F}.Release|Any CPU.ActiveCfg = Release|Any CPU
		{31E053B9-94D9-43B6-8687-2FB8963B4A8F}.Release|Any CPU.Build.0 = Release|Any CPU
		{930D64CC-5E9B-4AED-9DCA-272B613E1C02}.Debug|Any CPU.ActiveCfg = Debug|Any CPU
		{930D64CC-5E9B-4AED-9DCA-272B613E1C02}.Debug|Any CPU.Build.0 = Debug|Any CPU
		{930D64CC-5E9B-4AED-9DCA-272B613E1C02}.Release|Any CPU.ActiveCfg = Release|Any CPU
		{930D64CC-5E9B-4AED-9DCA-272B613E1C02}.Release|Any CPU.Build.0 = Release|Any CPU
	EndGlobalSection
	GlobalSection(SolutionProperties) = preSolution
		HideSolutionNode = FALSE
	EndGlobalSection
EndGlobal
